# THIS IS AN AUTOGENERATED FILE. DO NOT EDIT THIS FILE DIRECTLY.
# yarn lockfile v1


node-pop3@^0.8.0:
  version "0.8.0"
  resolved "https://registry.yarnpkg.com/node-pop3/-/node-pop3-0.8.0.tgz#574e546443b0340aac4bd4f5b84c3e758d799809"
  integrity sha512-UqUPMpgnF6+FNlV6GU9PdfLb2Wg9AOJ5suqmnKuZqYTjPCfYvboSy7H/xGWI9Zp0aY3Lntm5UfIQIe/uBCb+xA==
